
Microsoft Visual Studio Solution File, Format Version 12.00
# Visual Studio 14
VisualStudioVersion = 14.0.25420.1
MinimumVisualStudioVersion = 10.0.40219.1
Project("{2150E333-8FDC-42A3-9474-1A3956D46DE8}") = "Apps", "Apps", "{091E5F52-8AD6-4B75-ADE0-3DBCE190363B}"
EndProject
Project("{2150E333-8FDC-42A3-9474-1A3956D46DE8}") = "Engine", "Engine", "{3055C856-5B4B-4E20-97D9-06D86D67A382}"
EndProject
Project("{FAE04EC0-301F-11D3-BF4B-00C04F79EFBC}") = "TumblrViewer.ViewModels", "Apps\TumblrViewer.ViewModels\TumblrViewer.ViewModels.csproj", "{DB3EFC60-1BD8-473A-BA73-F5949D4D5696}"
EndProject
Project("{FAE04EC0-301F-11D3-BF4B-00C04F79EFBC}") = "TumblrViewer.App.WP81", "Apps\TumblrViewer.App.WP81\TumblrViewer.App.WP81.csproj", "{66BF8C8D-B206-42DC-BD35-59EA9D31CB65}"
EndProject
Project("{FAE04EC0-301F-11D3-BF4B-00C04F79EFBC}") = "Tumblr.Contracts", "Engine\Tumblr.Contracts\Tumblr.Contracts.csproj", "{0D540832-AF38-4021-B259-5A15C5D9EAE3}"
EndProject
Project("{FAE04EC0-301F-11D3-BF4B-00C04F79EFBC}") = "Tumblr.Services", "Engine\Tumblr.Services\Tumblr.Services.csproj", "{60CCBB28-C47E-4DF8-8C1F-2F82C07CEE7C}"
EndProject
Project("{FAE04EC0-301F-11D3-BF4B-00C04F79EFBC}") = "Tumblr.Common", "Engine\Tumblr.Common\Tumblr.Common.csproj", "{485060F8-9BFC-4E9C-A0FC-28E719FED60F}"
EndProject
Project("{FAE04EC0-301F-11D3-BF4B-00C04F79EFBC}") = "Tumblr.Model", "Engine\Tumblr.Model\Tumblr.Model.csproj", "{AC66E63C-14C0-435C-BAE9-B789391E02F9}"
EndProject
Project("{FAE04EC0-301F-11D3-BF4B-00C04F79EFBC}") = "TinyMvvm", "Engine\TinyMvvm\TinyMvvm.csproj", "{E66C1484-604A-49B4-8794-1FF7B821618A}"
EndProject
Project("{FAE04EC0-301F-11D3-BF4B-00C04F79EFBC}") = "TumblrViewer.Styles.WP81", "Apps\TumblrViewer.Styles.WP81\TumblrViewer.Styles.WP81.csproj", "{26BE3826-2C86-49B1-8D2A-32A89E034448}"
EndProject
Project("{FAE04EC0-301F-11D3-BF4B-00C04F79EFBC}") = "Converters", "Converters\Converters.csproj", "{D0ED3C78-1E10-42E3-B17D-000B35DEF646}"
EndProject
Global
	GlobalSection(SolutionConfigurationPlatforms) = preSolution
		Debug|Any CPU = Debug|Any CPU
		Debug|ARM = Debug|ARM
		Debug|x86 = Debug|x86
		Release|Any CPU = Release|Any CPU
		Release|ARM = Release|ARM
		Release|x86 = Release|x86
	EndGlobalSection
	GlobalSection(ProjectConfigurationPlatforms) = postSolution
		{DB3EFC60-1BD8-473A-BA73-F5949D4D5696}.Debug|Any CPU.ActiveCfg = Debug|Any CPU
		{DB3EFC60-1BD8-473A-BA73-F5949D4D5696}.Debug|Any CPU.Build.0 = Debug|Any CPU
		{DB3EFC60-1BD8-473A-BA73-F5949D4D5696}.Debug|ARM.ActiveCfg = Debug|Any CPU
		{DB3EFC60-1BD8-473A-BA73-F5949D4D5696}.Debug|ARM.Build.0 = Debug|Any CPU
		{DB3EFC60-1BD8-473A-BA73-F5949D4D5696}.Debug|x86.ActiveCfg = Debug|Any CPU
		{DB3EFC60-1BD8-473A-BA73-F5949D4D5696}.Debug|x86.Build.0 = Debug|Any CPU
		{DB3EFC60-1BD8-473A-BA73-F5949D4D5696}.Release|Any CPU.ActiveCfg = Release|Any CPU
		{DB3EFC60-1BD8-473A-BA73-F5949D4D5696}.Release|Any CPU.Build.0 = Release|Any CPU
		{DB3EFC60-1BD8-473A-BA73-F5949D4D5696}.Release|ARM.ActiveCfg = Release|Any CPU
		{DB3EFC60-1BD8-473A-BA73-F5949D4D5696}.Release|ARM.Build.0 = Release|Any CPU
		{DB3EFC60-1BD8-473A-BA73-F5949D4D5696}.Release|x86.ActiveCfg = Release|Any CPU
		{DB3EFC60-1BD8-473A-BA73-F5949D4D5696}.Release|x86.Build.0 = Release|Any CPU
		{66BF8C8D-B206-42DC-BD35-59EA9D31CB65}.Debug|Any CPU.ActiveCfg = Debug|Any CPU
		{66BF8C8D-B206-42DC-BD35-59EA9D31CB65}.Debug|Any CPU.Build.0 = Debug|Any CPU
		{66BF8C8D-B206-42DC-BD35-59EA9D31CB65}.Debug|Any CPU.Deploy.0 = Debug|Any CPU
		{66BF8C8D-B206-42DC-BD35-59EA9D31CB65}.Debug|ARM.ActiveCfg = Debug|ARM
		{66BF8C8D-B206-42DC-BD35-59EA9D31CB65}.Debug|ARM.Build.0 = Debug|ARM
		{66BF8C8D-B206-42DC-BD35-59EA9D31CB65}.Debug|ARM.Deploy.0 = Debug|ARM
		{66BF8C8D-B206-42DC-BD35-59EA9D31CB65}.Debug|x86.ActiveCfg = Debug|x86
		{66BF8C8D-B206-42DC-BD35-59EA9D31CB65}.Debug|x86.Build.0 = Debug|x86
		{66BF8C8D-B206-42DC-BD35-59EA9D31CB65}.Debug|x86.Deploy.0 = Debug|x86
		{66BF8C8D-B206-42DC-BD35-59EA9D31CB65}.Release|Any CPU.ActiveCfg = Release|Any CPU
		{66BF8C8D-B206-42DC-BD35-59EA9D31CB65}.Release|Any CPU.Build.0 = Release|Any CPU
		{66BF8C8D-B206-42DC-BD35-59EA9D31CB65}.Release|Any CPU.Deploy.0 = Release|Any CPU
		{66BF8C8D-B206-42DC-BD35-59EA9D31CB65}.Release|ARM.ActiveCfg = Release|ARM
		{66BF8C8D-B206-42DC-BD35-59EA9D31CB65}.Release|ARM.Build.0 = Release|ARM
		{66BF8C8D-B206-42DC-BD35-59EA9D31CB65}.Release|ARM.Deploy.0 = Release|ARM
		{66BF8C8D-B206-42DC-BD35-59EA9D31CB65}.Release|x86.ActiveCfg = Release|x86
		{66BF8C8D-B206-42DC-BD35-59EA9D31CB65}.Release|x86.Build.0 = Release|x86
		{66BF8C8D-B206-42DC-BD35-59EA9D31CB65}.Release|x86.Deploy.0 = Release|x86
		{0D540832-AF38-4021-B259-5A15C5D9EAE3}.Debug|Any CPU.ActiveCfg = Debug|Any CPU
		{0D540832-AF38-4021-B259-5A15C5D9EAE3}.Debug|Any CPU.Build.0 = Debug|Any CPU
		{0D540832-AF38-4021-B259-5A15C5D9EAE3}.Debug|ARM.ActiveCfg = Debug|Any CPU
		{0D540832-AF38-4021-B259-5A15C5D9EAE3}.Debug|ARM.Build.0 = Debug|Any CPU
		{0D540832-AF38-4021-B259-5A15C5D9EAE3}.Debug|x86.ActiveCfg = Debug|Any CPU
		{0D540832-AF38-4021-B259-5A15C5D9EAE3}.Debug|x86.Build.0 = Debug|Any CPU
		{0D540832-AF38-4021-B259-5A15C5D9EAE3}.Release|Any CPU.ActiveCfg = Release|Any CPU
		{0D540832-AF38-4021-B259-5A15C5D9EAE3}.Release|Any CPU.Build.0 = Release|Any CPU
		{0D540832-AF38-4021-B259-5A15C5D9EAE3}.Release|ARM.ActiveCfg = Release|Any CPU
		{0D540832-AF38-4021-B259-5A15C5D9EAE3}.Release|ARM.Build.0 = Release|Any CPU
		{0D540832-AF38-4021-B259-5A15C5D9EAE3}.Release|x86.ActiveCfg = Release|Any CPU
		{0D540832-AF38-4021-B259-5A15C5D9EAE3}.Release|x86.Build.0 = Release|Any CPU
		{60CCBB28-C47E-4DF8-8C1F-2F82C07CEE7C}.Debug|Any CPU.ActiveCfg = Debug|Any CPU
		{60CCBB28-C47E-4DF8-8C1F-2F82C07CEE7C}.Debug|Any CPU.Build.0 = Debug|Any CPU
		{60CCBB28-C47E-4DF8-8C1F-2F82C07CEE7C}.Debug|ARM.ActiveCfg = Debug|Any CPU
		{60CCBB28-C47E-4DF8-8C1F-2F82C07CEE7C}.Debug|ARM.Build.0 = Debug|Any CPU
		{60CCBB28-C47E-4DF8-8C1F-2F82C07CEE7C}.Debug|x86.ActiveCfg = Debug|Any CPU
		{60CCBB28-C47E-4DF8-8C1F-2F82C07CEE7C}.Debug|x86.Build.0 = Debug|Any CPU
		{60CCBB28-C47E-4DF8-8C1F-2F82C07CEE7C}.Release|Any CPU.ActiveCfg = Release|Any CPU
		{60CCBB28-C47E-4DF8-8C1F-2F82C07CEE7C}.Release|Any CPU.Build.0 = Release|Any CPU
		{60CCBB28-C47E-4DF8-8C1F-2F82C07CEE7C}.Release|ARM.ActiveCfg = Release|Any CPU
		{60CCBB28-C47E-4DF8-8C1F-2F82C07CEE7C}.Release|ARM.Build.0 = Release|Any CPU
		{60CCBB28-C47E-4DF8-8C1F-2F82C07CEE7C}.Release|x86.ActiveCfg = Release|Any CPU
		{60CCBB28-C47E-4DF8-8C1F-2F82C07CEE7C}.Release|x86.Build.0 = Release|Any CPU
		{485060F8-9BFC-4E9C-A0FC-28E719FED60F}.Debug|Any CPU.ActiveCfg = Debug|Any CPU
		{485060F8-9BFC-4E9C-A0FC-28E719FED60F}.Debug|Any CPU.Build.0 = Debug|Any CPU
		{485060F8-9BFC-4E9C-A0FC-28E719FED60F}.Debug|ARM.ActiveCfg = Debug|Any CPU
		{485060F8-9BFC-4E9C-A0FC-28E719FED60F}.Debug|ARM.Build.0 = Debug|Any CPU
		{485060F8-9BFC-4E9C-A0FC-28E719FED60F}.Debug|x86.ActiveCfg = Debug|Any CPU
		{485060F8-9BFC-4E9C-A0FC-28E719FED60F}.Debug|x86.Build.0 = Debug|Any CPU
		{485060F8-9BFC-4E9C-A0FC-28E719FED60F}.Release|Any CPU.ActiveCfg = Release|Any CPU
		{485060F8-9BFC-4E9C-A0FC-28E719FED60F}.Release|Any CPU.Build.0 = Release|Any CPU
		{485060F8-9BFC-4E9C-A0FC-28E719FED60F}.Release|ARM.ActiveCfg = Release|Any CPU
		{485060F8-9BFC-4E9C-A0FC-28E719FED60F}.Release|ARM.Build.0 = Release|Any CPU
		{485060F8-9BFC-4E9C-A0FC-28E719FED60F}.Release|x86.ActiveCfg = Release|Any CPU
		{485060F8-9BFC-4E9C-A0FC-28E719FED60F}.Release|x86.Build.0 = Release|Any CPU
		{AC66E63C-14C0-435C-BAE9-B789391E02F9}.Debug|Any CPU.ActiveCfg = Debug|Any CPU
		{AC66E63C-14C0-435C-BAE9-B789391E02F9}.Debug|Any CPU.Build.0 = Debug|Any CPU
		{AC66E63C-14C0-435C-BAE9-B789391E02F9}.Debug|ARM.ActiveCfg = Debug|Any CPU
		{AC66E63C-14C0-435C-BAE9-B789391E02F9}.Debug|ARM.Build.0 = Debug|Any CPU
		{AC66E63C-14C0-435C-BAE9-B789391E02F9}.Debug|x86.ActiveCfg = Debug|Any CPU
		{AC66E63C-14C0-435C-BAE9-B789391E02F9}.Debug|x86.Build.0 = Debug|Any CPU
		{AC66E63C-14C0-435C-BAE9-B789391E02F9}.Release|Any CPU.ActiveCfg = Release|Any CPU
		{AC66E63C-14C0-435C-BAE9-B789391E02F9}.Release|Any CPU.Build.0 = Release|Any CPU
		{AC66E63C-14C0-435C-BAE9-B789391E02F9}.Release|ARM.ActiveCfg = Release|Any CPU
		{AC66E63C-14C0-435C-BAE9-B789391E02F9}.Release|ARM.Build.0 = Release|Any CPU
		{AC66E63C-14C0-435C-BAE9-B789391E02F9}.Release|x86.ActiveCfg = Release|Any CPU
		{AC66E63C-14C0-435C-BAE9-B789391E02F9}.Release|x86.Build.0 = Release|Any CPU
		{E66C1484-604A-49B4-8794-1FF7B821618A}.Debug|Any CPU.ActiveCfg = Debug|Any CPU
		{E66C1484-604A-49B4-8794-1FF7B821618A}.Debug|Any CPU.Build.0 = Debug|Any CPU
		{E66C1484-604A-49B4-8794-1FF7B821618A}.Debug|ARM.ActiveCfg = Debug|Any CPU
		{E66C1484-604A-49B4-8794-1FF7B821618A}.Debug|ARM.Build.0 = Debug|Any CPU
		{E66C1484-604A-49B4-8794-1FF7B821618A}.Debug|x86.ActiveCfg = Debug|Any CPU
		{E66C1484-604A-49B4-8794-1FF7B821618A}.Debug|x86.Build.0 = Debug|Any CPU
		{E66C1484-604A-49B4-8794-1FF7B821618A}.Release|Any CPU.ActiveCfg = Release|Any CPU
		{E66C1484-604A-49B4-8794-1FF7B821618A}.Release|Any CPU.Build.0 = Release|Any CPU
		{E66C1484-604A-49B4-8794-1FF7B821618A}.Release|ARM.ActiveCfg = Release|Any CPU
		{E66C1484-604A-49B4-8794-1FF7B821618A}.Release|ARM.Build.0 = Release|Any CPU
		{E66C1484-604A-49B4-8794-1FF7B821618A}.Release|x86.ActiveCfg = Release|Any CPU
		{E66C1484-604A-49B4-8794-1FF7B821618A}.Release|x86.Build.0 = Release|Any CPU
		{26BE3826-2C86-49B1-8D2A-32A89E034448}.Debug|Any CPU.ActiveCfg = Debug|Any CPU
		{26BE3826-2C86-49B1-8D2A-32A89E034448}.Debug|Any CPU.Build.0 = Debug|Any CPU
		{26BE3826-2C86-49B1-8D2A-32A89E034448}.Debug|ARM.ActiveCfg = Debug|ARM
		{26BE3826-2C86-49B1-8D2A-32A89E034448}.Debug|ARM.Build.0 = Debug|ARM
		{26BE3826-2C86-49B1-8D2A-32A89E034448}.Debug|x86.ActiveCfg = Debug|x86
		{26BE3826-2C86-49B1-8D2A-32A89E034448}.Debug|x86.Build.0 = Debug|x86
		{26BE3826-2C86-49B1-8D2A-32A89E034448}.Release|Any CPU.ActiveCfg = Release|Any CPU
		{26BE3826-2C86-49B1-8D2A-32A89E034448}.Release|Any CPU.Build.0 = Release|Any CPU
		{26BE3826-2C86-49B1-8D2A-32A89E034448}.Release|ARM.ActiveCfg = Release|ARM
		{26BE3826-2C86-49B1-8D2A-32A89E034448}.Release|ARM.Build.0 = Release|ARM
		{26BE3826-2C86-49B1-8D2A-32A89E034448}.Release|x86.ActiveCfg = Release|x86
		{26BE3826-2C86-49B1-8D2A-32A89E034448}.Release|x86.Build.0 = Release|x86
		{D0ED3C78-1E10-42E3-B17D-000B35DEF646}.Debug|Any CPU.ActiveCfg = Debug|Any CPU
		{D0ED3C78-1E10-42E3-B17D-000B35DEF646}.Debug|Any CPU.Build.0 = Debug|Any CPU
		{D0ED3C78-1E10-42E3-B17D-000B35DEF646}.Debug|ARM.ActiveCfg = Debug|Any CPU
		{D0ED3C78-1E10-42E3-B17D-000B35DEF646}.Debug|ARM.Build.0 = Debug|Any CPU
		{D0ED3C78-1E10-42E3-B17D-000B35DEF646}.Debug|x86.ActiveCfg = Debug|Any CPU
		{D0ED3C78-1E10-42E3-B17D-000B35DEF646}.Debug|x86.Build.0 = Debug|Any CPU
		{D0ED3C78-1E10-42E3-B17D-000B35DEF646}.Release|Any CPU.ActiveCfg = Release|Any CPU
		{D0ED3C78-1E10-42E3-B17D-000B35DEF646}.Release|Any CPU.Build.0 = Release|Any CPU
		{D0ED3C78-1E10-42E3-B17D-000B35DEF646}.Release|ARM.ActiveCfg = Release|Any CPU
		{D0ED3C78-1E10-42E3-B17D-000B35DEF646}.Release|ARM.Build.0 = Release|Any CPU
		{D0ED3C78-1E10-42E3-B17D-000B35DEF646}.Release|x86.ActiveCfg = Release|Any CPU
		{D0ED3C78-1E10-42E3-B17D-000B35DEF646}.Release|x86.Build.0 = Release|Any CPU
	EndGlobalSection
	GlobalSection(SolutionProperties) = preSolution
		HideSolutionNode = FALSE
	EndGlobalSection
	GlobalSection(NestedProjects) = preSolution
		{DB3EFC60-1BD8-473A-BA73-F5949D4D5696} = {091E5F52-8AD6-4B75-ADE0-3DBCE190363B}
		{66BF8C8D-B206-42DC-BD35-59EA9D31CB65} = {091E5F52-8AD6-4B75-ADE0-3DBCE190363B}
		{0D540832-AF38-4021-B259-5A15C5D9EAE3} = {3055C856-5B4B-4E20-97D9-06D86D67A382}
		{60CCBB28-C47E-4DF8-8C1F-2F82C07CEE7C} = {3055C856-5B4B-4E20-97D9-06D86D67A382}
		{485060F8-9BFC-4E9C-A0FC-28E719FED60F} = {3055C856-5B4B-4E20-97D9-06D86D67A382}
		{AC66E63C-14C0-435C-BAE9-B789391E02F9} = {3055C856-5B4B-4E20-97D9-06D86D67A382}
		{E66C1484-604A-49B4-8794-1FF7B821618A} = {3055C856-5B4B-4E20-97D9-06D86D67A382}
		{26BE3826-2C86-49B1-8D2A-32A89E034448} = {091E5F52-8AD6-4B75-ADE0-3DBCE190363B}
		{D0ED3C78-1E10-42E3-B17D-000B35DEF646} = {3055C856-5B4B-4E20-97D9-06D86D67A382}
	EndGlobalSection
EndGlobal
